
Microsoft Visual Studio Solution File, Format Version 12.00
# Visual Studio Version 17
VisualStudioVersion = 17.4.33213.308
MinimumVisualStudioVersion = 10.0.40219.1
Project("{FAE04EC0-301F-11D3-BF4B-00C04F79EFBC}") = "EntitiyOrnek", "EntitiyOrnek\EntitiyOrnek.csproj", "{604E1230-5D58-4B0B-B18A-E5173E472CEB}"
EndProject
Global
	GlobalSection(SolutionConfigurationPlatforms) = preSolution
		Debug|Any CPU = Debug|Any CPU
		Release|Any CPU = Release|Any CPU
	EndGlobalSection
	GlobalSection(ProjectConfigurationPlatforms) = postSolution
		{604E1230-5D58-4B0B-B18A-E5173E472CEB}.Debug|Any CPU.ActiveCfg = Debug|Any CPU
		{604E1230-5D58-4B0B-B18A-E5173E472CEB}.Debug|Any CPU.Build.0 = Debug|Any CPU
		{604E1230-5D58-4B0B-B18A-E5173E472CEB}.Release|Any CPU.ActiveCfg = Release|Any CPU
		{604E1230-5D58-4B0B-B18A-E5173E472CEB}.Release|Any CPU.Build.0 = Release|Any CPU
	EndGlobalSection
	GlobalSection(SolutionProperties) = preSolution
		HideSolutionNode = FALSE
	EndGlobalSection
	GlobalSection(ExtensibilityGlobals) = postSolution
		SolutionGuid = {036D429A-598F-4DC0-B5F9-B1661D9A40F3}
	EndGlobalSection
EndGlobal
